
Microsoft Visual Studio Solution File, Format Version 12.00
# Visual Studio Version 16
VisualStudioVersion = 16.0.30114.105
MinimumVisualStudioVersion = 10.0.40219.1
Project("{FAE04EC0-301F-11D3-BF4B-00C04F79EFBC}") = "POO", "POO\POO.csproj", "{7FAAA975-6314-48CF-B57A-A10AA2D8E144}"
EndProject
Project("{FAE04EC0-301F-11D3-BF4B-00C04F79EFBC}") = "EstruturasCondicao", "EstruturasCondicao\EstruturasCondicao.csproj", "{187843B6-AED7-4FCF-A854-4B0E97C0E733}"
EndProject
Project("{FAE04EC0-301F-11D3-BF4B-00C04F79EFBC}") = "ContaBancaria", "ContaBancaria\ContaBancaria.csproj", "{1BB1F6C3-033B-4E02-B8EA-C168ECDE6DC8}"
EndProject
Global
	GlobalSection(SolutionConfigurationPlatforms) = preSolution
		Debug|Any CPU = Debug|Any CPU
		Release|Any CPU = Release|Any CPU
	EndGlobalSection
	GlobalSection(SolutionProperties) = preSolution
		HideSolutionNode = FALSE
	EndGlobalSection
	GlobalSection(ProjectConfigurationPlatforms) = postSolution
		{7FAAA975-6314-48CF-B57A-A10AA2D8E144}.Debug|Any CPU.ActiveCfg = Debug|Any CPU
		{7FAAA975-6314-48CF-B57A-A10AA2D8E144}.Debug|Any CPU.Build.0 = Debug|Any CPU
		{7FAAA975-6314-48CF-B57A-A10AA2D8E144}.Release|Any CPU.ActiveCfg = Release|Any CPU
		{7FAAA975-6314-48CF-B57A-A10AA2D8E144}.Release|Any CPU.Build.0 = Release|Any CPU
		{187843B6-AED7-4FCF-A854-4B0E97C0E733}.Debug|Any CPU.ActiveCfg = Debug|Any CPU
		{187843B6-AED7-4FCF-A854-4B0E97C0E733}.Debug|Any CPU.Build.0 = Debug|Any CPU
		{187843B6-AED7-4FCF-A854-4B0E97C0E733}.Release|Any CPU.ActiveCfg = Release|Any CPU
		{187843B6-AED7-4FCF-A854-4B0E97C0E733}.Release|Any CPU.Build.0 = Release|Any CPU
		{1BB1F6C3-033B-4E02-B8EA-C168ECDE6DC8}.Debug|Any CPU.ActiveCfg = Debug|Any CPU
		{1BB1F6C3-033B-4E02-B8EA-C168ECDE6DC8}.Debug|Any CPU.Build.0 = Debug|Any CPU
		{1BB1F6C3-033B-4E02-B8EA-C168ECDE6DC8}.Release|Any CPU.ActiveCfg = Release|Any CPU
		{1BB1F6C3-033B-4E02-B8EA-C168ECDE6DC8}.Release|Any CPU.Build.0 = Release|Any CPU
	EndGlobalSection
EndGlobal
